
Microsoft Visual Studio Solution File, Format Version 12.00
# Visual Studio Version 16
VisualStudioVersion = 16.0.31515.178
MinimumVisualStudioVersion = 10.0.40219.1
Project("{FAE04EC0-301F-11D3-BF4B-00C04F79EFBC}") = "CSPORTAL", "Apiweb\CSPORTAL.csproj", "{A319746B-8654-406E-9A76-143B5564DEE8}"
EndProject
Global
	GlobalSection(SolutionConfigurationPlatforms) = preSolution
		Debug|Any CPU = Debug|Any CPU
		Release|Any CPU = Release|Any CPU
	EndGlobalSection
	GlobalSection(ProjectConfigurationPlatforms) = postSolution
		{A319746B-8654-406E-9A76-143B5564DEE8}.Debug|Any CPU.ActiveCfg = Debug|Any CPU
		{A319746B-8654-406E-9A76-143B5564DEE8}.Debug|Any CPU.Build.0 = Debug|Any CPU
		{A319746B-8654-406E-9A76-143B5564DEE8}.Release|Any CPU.ActiveCfg = Release|Any CPU
		{A319746B-8654-406E-9A76-143B5564DEE8}.Release|Any CPU.Build.0 = Release|Any CPU
	EndGlobalSection
	GlobalSection(SolutionProperties) = preSolution
		HideSolutionNode = FALSE
	EndGlobalSection
	GlobalSection(ExtensibilityGlobals) = postSolution
		SolutionGuid = {332B06EE-1F0D-4297-B46C-BB596A208148}
	EndGlobalSection
EndGlobal
